
Microsoft Visual Studio Solution File, Format Version 12.00
# Visual Studio Version 16
VisualStudioVersion = 16.0.28803.202
MinimumVisualStudioVersion = 10.0.40219.1
Project("{FAE04EC0-301F-11D3-BF4B-00C04F79EFBC}") = "Romanos", "Romanos.csproj", "{9A64DDC3-90FD-4719-85CF-3C4C02654F9B}"
EndProject
Global
	GlobalSection(SolutionConfigurationPlatforms) = preSolution
		Debug|Any CPU = Debug|Any CPU
		Release|Any CPU = Release|Any CPU
	EndGlobalSection
	GlobalSection(ProjectConfigurationPlatforms) = postSolution
		{9A64DDC3-90FD-4719-85CF-3C4C02654F9B}.Debug|Any CPU.ActiveCfg = Debug|Any CPU
		{9A64DDC3-90FD-4719-85CF-3C4C02654F9B}.Debug|Any CPU.Build.0 = Debug|Any CPU
		{9A64DDC3-90FD-4719-85CF-3C4C02654F9B}.Release|Any CPU.ActiveCfg = Release|Any CPU
		{9A64DDC3-90FD-4719-85CF-3C4C02654F9B}.Release|Any CPU.Build.0 = Release|Any CPU
	EndGlobalSection
	GlobalSection(SolutionProperties) = preSolution
		HideSolutionNode = FALSE
	EndGlobalSection
	GlobalSection(ExtensibilityGlobals) = postSolution
		SolutionGuid = {08F3B573-5392-4A3D-A3F4-39EF179C0F3F}
	EndGlobalSection
EndGlobal
